
Microsoft Visual Studio Solution File, Format Version 12.00
# Visual Studio Version 16
VisualStudioVersion = 16.0.29509.3
MinimumVisualStudioVersion = 10.0.40219.1
Project("{9A19103F-16F7-4668-BE54-9A1E7A4F7556}") = "Booker.Reminder", "Booker.Reminder.csproj", "{14D6C45F-36A1-4B26-93CA-27B85D815FE3}"
EndProject
Global
	GlobalSection(SolutionConfigurationPlatforms) = preSolution
		Debug|Any CPU = Debug|Any CPU
		Release|Any CPU = Release|Any CPU
	EndGlobalSection
	GlobalSection(ProjectConfigurationPlatforms) = postSolution
		{14D6C45F-36A1-4B26-93CA-27B85D815FE3}.Debug|Any CPU.ActiveCfg = Debug|Any CPU
		{14D6C45F-36A1-4B26-93CA-27B85D815FE3}.Debug|Any CPU.Build.0 = Debug|Any CPU
		{14D6C45F-36A1-4B26-93CA-27B85D815FE3}.Release|Any CPU.ActiveCfg = Release|Any CPU
		{14D6C45F-36A1-4B26-93CA-27B85D815FE3}.Release|Any CPU.Build.0 = Release|Any CPU
	EndGlobalSection
	GlobalSection(SolutionProperties) = preSolution
		HideSolutionNode = FALSE
	EndGlobalSection
	GlobalSection(ExtensibilityGlobals) = postSolution
		SolutionGuid = {92103C84-E6CA-4130-BBCB-AC96A2281F30}
	EndGlobalSection
EndGlobal
